
Microsoft Visual Studio Solution File, Format Version 12.00
# Visual Studio Version 16
VisualStudioVersion = 16.0.30204.135
MinimumVisualStudioVersion = 10.0.40219.1
Project("{FAE04EC0-301F-11D3-BF4B-00C04F79EFBC}") = "LoggerClient", "LoggerClient\LoggerClient.csproj", "{0A634DC9-52C6-4452-89E6-919E32C64AF3}"
EndProject
Global
	GlobalSection(SolutionConfigurationPlatforms) = preSolution
		Debug|Any CPU = Debug|Any CPU
		Release|Any CPU = Release|Any CPU
	EndGlobalSection
	GlobalSection(ProjectConfigurationPlatforms) = postSolution
		{0A634DC9-52C6-4452-89E6-919E32C64AF3}.Debug|Any CPU.ActiveCfg = Debug|Any CPU
		{0A634DC9-52C6-4452-89E6-919E32C64AF3}.Debug|Any CPU.Build.0 = Debug|Any CPU
		{0A634DC9-52C6-4452-89E6-919E32C64AF3}.Release|Any CPU.ActiveCfg = Release|Any CPU
		{0A634DC9-52C6-4452-89E6-919E32C64AF3}.Release|Any CPU.Build.0 = Release|Any CPU
	EndGlobalSection
	GlobalSection(SolutionProperties) = preSolution
		HideSolutionNode = FALSE
	EndGlobalSection
	GlobalSection(ExtensibilityGlobals) = postSolution
		SolutionGuid = {F838E493-DF6A-4526-84D8-B3FAEFEA8435}
	EndGlobalSection
EndGlobal
